
Microsoft Visual Studio Solution File, Format Version 12.00
# Visual Studio 14
VisualStudioVersion = 14.0.24720.0
MinimumVisualStudioVersion = 10.0.40219.1
Project("{FAE04EC0-301F-11D3-BF4B-00C04F79EFBC}") = "BabylonJs.Framework", "src\BabylonJs.Framework\BabylonJs.Framework.csproj", "{5B2C998A-2A37-446C-B002-1328692A452C}"
EndProject
Project("{2150E333-8FDC-42A3-9474-1A3956D46DE8}") = ".nuget", ".nuget", "{DD8D774A-F3E1-446D-B24E-24B256B9904E}"
	ProjectSection(SolutionItems) = preProject
		.nuget\NuGet.Config = .nuget\NuGet.Config
		.nuget\NuGet.exe = .nuget\NuGet.exe
		.nuget\NuGet.targets = .nuget\NuGet.targets
	EndProjectSection
EndProject
Project("{2150E333-8FDC-42A3-9474-1A3956D46DE8}") = "Samples", "Samples", "{ECC326C4-1F09-48EC-9702-510D86306164}"
EndProject
Project("{2150E333-8FDC-42A3-9474-1A3956D46DE8}") = "Framework", "Framework", "{A1BE3616-81F4-44AF-BF7C-DD6FEA4DE9AA}"
EndProject
Project("{FAE04EC0-301F-11D3-BF4B-00C04F79EFBC}") = "BabylonJs.WebView", "src\BabylonJs.WebView\BabylonJs.WebView.csproj", "{53F59800-A63E-4A75-87E9-D79D7E88F220}"
EndProject
Global
	GlobalSection(SolutionConfigurationPlatforms) = preSolution
		Debug|ARM = Debug|ARM
		Debug|x64 = Debug|x64
		Debug|x86 = Debug|x86
		Release|ARM = Release|ARM
		Release|x64 = Release|x64
		Release|x86 = Release|x86
	EndGlobalSection
	GlobalSection(ProjectConfigurationPlatforms) = postSolution
		{5B2C998A-2A37-446C-B002-1328692A452C}.Debug|ARM.ActiveCfg = Debug|Any CPU
		{5B2C998A-2A37-446C-B002-1328692A452C}.Debug|x64.ActiveCfg = Debug|Any CPU
		{5B2C998A-2A37-446C-B002-1328692A452C}.Debug|x86.ActiveCfg = Debug|Any CPU
		{5B2C998A-2A37-446C-B002-1328692A452C}.Release|ARM.ActiveCfg = Release|Any CPU
		{5B2C998A-2A37-446C-B002-1328692A452C}.Release|x64.ActiveCfg = Release|Any CPU
		{5B2C998A-2A37-446C-B002-1328692A452C}.Release|x86.ActiveCfg = Release|Any CPU
		{53F59800-A63E-4A75-87E9-D79D7E88F220}.Debug|ARM.ActiveCfg = Debug|ARM
		{53F59800-A63E-4A75-87E9-D79D7E88F220}.Debug|ARM.Build.0 = Debug|ARM
		{53F59800-A63E-4A75-87E9-D79D7E88F220}.Debug|ARM.Deploy.0 = Debug|ARM
		{53F59800-A63E-4A75-87E9-D79D7E88F220}.Debug|x64.ActiveCfg = Debug|x64
		{53F59800-A63E-4A75-87E9-D79D7E88F220}.Debug|x64.Build.0 = Debug|x64
		{53F59800-A63E-4A75-87E9-D79D7E88F220}.Debug|x64.Deploy.0 = Debug|x64
		{53F59800-A63E-4A75-87E9-D79D7E88F220}.Debug|x86.ActiveCfg = Debug|x86
		{53F59800-A63E-4A75-87E9-D79D7E88F220}.Debug|x86.Build.0 = Debug|x86
		{53F59800-A63E-4A75-87E9-D79D7E88F220}.Debug|x86.Deploy.0 = Debug|x86
		{53F59800-A63E-4A75-87E9-D79D7E88F220}.Release|ARM.ActiveCfg = Release|ARM
		{53F59800-A63E-4A75-87E9-D79D7E88F220}.Release|ARM.Build.0 = Release|ARM
		{53F59800-A63E-4A75-87E9-D79D7E88F220}.Release|ARM.Deploy.0 = Release|ARM
		{53F59800-A63E-4A75-87E9-D79D7E88F220}.Release|x64.ActiveCfg = Release|x64
		{53F59800-A63E-4A75-87E9-D79D7E88F220}.Release|x64.Build.0 = Release|x64
		{53F59800-A63E-4A75-87E9-D79D7E88F220}.Release|x64.Deploy.0 = Release|x64
		{53F59800-A63E-4A75-87E9-D79D7E88F220}.Release|x86.ActiveCfg = Release|x86
		{53F59800-A63E-4A75-87E9-D79D7E88F220}.Release|x86.Build.0 = Release|x86
		{53F59800-A63E-4A75-87E9-D79D7E88F220}.Release|x86.Deploy.0 = Release|x86
	EndGlobalSection
	GlobalSection(SolutionProperties) = preSolution
		HideSolutionNode = FALSE
	EndGlobalSection
	GlobalSection(NestedProjects) = preSolution
		{5B2C998A-2A37-446C-B002-1328692A452C} = {A1BE3616-81F4-44AF-BF7C-DD6FEA4DE9AA}
		{53F59800-A63E-4A75-87E9-D79D7E88F220} = {ECC326C4-1F09-48EC-9702-510D86306164}
	EndGlobalSection
EndGlobal
